
Microsoft Visual Studio Solution File, Format Version 12.00
# Visual Studio Version 16
VisualStudioVersion = 16.0.30717.126
MinimumVisualStudioVersion = 10.0.40219.1
Project("{FAE04EC0-301F-11D3-BF4B-00C04F79EFBC}") = "WpfApp1", "WpfApp1\WpfApp1.csproj", "{371C78E3-47B1-4FC2-8AA6-AD0805A87719}"
EndProject
Global
	GlobalSection(SolutionConfigurationPlatforms) = preSolution
		Debug|Any CPU = Debug|Any CPU
		Release|Any CPU = Release|Any CPU
	EndGlobalSection
	GlobalSection(ProjectConfigurationPlatforms) = postSolution
		{371C78E3-47B1-4FC2-8AA6-AD0805A87719}.Debug|Any CPU.ActiveCfg = Debug|Any CPU
		{371C78E3-47B1-4FC2-8AA6-AD0805A87719}.Debug|Any CPU.Build.0 = Debug|Any CPU
		{371C78E3-47B1-4FC2-8AA6-AD0805A87719}.Release|Any CPU.ActiveCfg = Release|Any CPU
		{371C78E3-47B1-4FC2-8AA6-AD0805A87719}.Release|Any CPU.Build.0 = Release|Any CPU
	EndGlobalSection
	GlobalSection(SolutionProperties) = preSolution
		HideSolutionNode = FALSE
	EndGlobalSection
	GlobalSection(ExtensibilityGlobals) = postSolution
		SolutionGuid = {67AE99B7-6456-4526-AB67-76B80DA9BCAC}
	EndGlobalSection
EndGlobal
